
Microsoft Visual Studio Solution File, Format Version 12.00
# Visual Studio Version 17
VisualStudioVersion = 17.0.31903.59
MinimumVisualStudioVersion = 10.0.40219.1
Project("{F2A71F9B-5D33-465A-A702-920D77279786}") = "PersistentHashMap", "PersistentHashMap\PersistentHashMap.fsproj", "{A28DE811-E90F-41A2-9007-5DB91E91AFC2}"
EndProject
Project("{F2A71F9B-5D33-465A-A702-920D77279786}") = "PersistentHashMap.Tests", "PersistentHashMap.Tests\PersistentHashMap.Tests.fsproj", "{EEE9924B-7E45-4E0D-B308-35F933294AFB}"
EndProject
Global
	GlobalSection(SolutionConfigurationPlatforms) = preSolution
		Debug|Any CPU = Debug|Any CPU
		Debug|x64 = Debug|x64
		Debug|x86 = Debug|x86
		Release|Any CPU = Release|Any CPU
		Release|x64 = Release|x64
		Release|x86 = Release|x86
	EndGlobalSection
	GlobalSection(ProjectConfigurationPlatforms) = postSolution
		{A28DE811-E90F-41A2-9007-5DB91E91AFC2}.Debug|Any CPU.ActiveCfg = Debug|Any CPU
		{A28DE811-E90F-41A2-9007-5DB91E91AFC2}.Debug|Any CPU.Build.0 = Debug|Any CPU
		{A28DE811-E90F-41A2-9007-5DB91E91AFC2}.Debug|x64.ActiveCfg = Debug|Any CPU
		{A28DE811-E90F-41A2-9007-5DB91E91AFC2}.Debug|x64.Build.0 = Debug|Any CPU
		{A28DE811-E90F-41A2-9007-5DB91E91AFC2}.Debug|x86.ActiveCfg = Debug|Any CPU
		{A28DE811-E90F-41A2-9007-5DB91E91AFC2}.Debug|x86.Build.0 = Debug|Any CPU
		{A28DE811-E90F-41A2-9007-5DB91E91AFC2}.Release|Any CPU.ActiveCfg = Release|Any CPU
		{A28DE811-E90F-41A2-9007-5DB91E91AFC2}.Release|Any CPU.Build.0 = Release|Any CPU
		{A28DE811-E90F-41A2-9007-5DB91E91AFC2}.Release|x64.ActiveCfg = Release|Any CPU
		{A28DE811-E90F-41A2-9007-5DB91E91AFC2}.Release|x64.Build.0 = Release|Any CPU
		{A28DE811-E90F-41A2-9007-5DB91E91AFC2}.Release|x86.ActiveCfg = Release|Any CPU
		{A28DE811-E90F-41A2-9007-5DB91E91AFC2}.Release|x86.Build.0 = Release|Any CPU
		{EEE9924B-7E45-4E0D-B308-35F933294AFB}.Debug|Any CPU.ActiveCfg = Debug|Any CPU
		{EEE9924B-7E45-4E0D-B308-35F933294AFB}.Debug|Any CPU.Build.0 = Debug|Any CPU
		{EEE9924B-7E45-4E0D-B308-35F933294AFB}.Debug|x64.ActiveCfg = Debug|Any CPU
		{EEE9924B-7E45-4E0D-B308-35F933294AFB}.Debug|x64.Build.0 = Debug|Any CPU
		{EEE9924B-7E45-4E0D-B308-35F933294AFB}.Debug|x86.ActiveCfg = Debug|Any CPU
		{EEE9924B-7E45-4E0D-B308-35F933294AFB}.Debug|x86.Build.0 = Debug|Any CPU
		{EEE9924B-7E45-4E0D-B308-35F933294AFB}.Release|Any CPU.ActiveCfg = Release|Any CPU
		{EEE9924B-7E45-4E0D-B308-35F933294AFB}.Release|Any CPU.Build.0 = Release|Any CPU
		{EEE9924B-7E45-4E0D-B308-35F933294AFB}.Release|x64.ActiveCfg = Release|Any CPU
		{EEE9924B-7E45-4E0D-B308-35F933294AFB}.Release|x64.Build.0 = Release|Any CPU
		{EEE9924B-7E45-4E0D-B308-35F933294AFB}.Release|x86.ActiveCfg = Release|Any CPU
		{EEE9924B-7E45-4E0D-B308-35F933294AFB}.Release|x86.Build.0 = Release|Any CPU
	EndGlobalSection
	GlobalSection(SolutionProperties) = preSolution
		HideSolutionNode = FALSE
	EndGlobalSection
EndGlobal
